<?xml version="1.0" encoding="utf-8"?>
<Project ToolsVersion="4.0" xmlns="http://schemas.microsoft.com/developer/msbuild/2003">
  <ItemGroup>
    <Filter Include="Source Files">
      <UniqueIdentifier>{4FC737F1-C7A5-4376-A066-2A32D752A2FF}</UniqueIdentifier>
      <Extensions>cpp;c;cc;cxx;c++;cppm;ixx;def;odl;idl;hpj;bat;asm;asmx</Extensions>
    </Filter>
    <Filter Include="Header Files">
      <UniqueIdentifier>{93995380-89BD-4b04-88EB-625FBE52EBFB}</UniqueIdentifier>
      <Extensions>h;hh;hpp;hxx;h++;hm;inl;inc;ipp;xsd</Extensions>
    </Filter>
    <Filter Include="Resource Files">
      <UniqueIdentifier>{67DA6AB6-F800-4c08-8B7A-83BB121AAD01}</UniqueIdentifier>
      <Extensions>rc;ico;cur;bmp;dlg;rc2;rct;bin;rgs;gif;jpg;jpeg;jpe;resx;tiff;tif;png;wav;mfcribbon-ms</Extensions>
    </Filter>
    <Filter Include="Header Files\lib">
      <UniqueIdentifier>{fbc5425b-aea5-4c24-9c7c-bb186402ef4e}</UniqueIdentifier>
    </Filter>
    <Filter Include="Header Files\lib\Person">
      <UniqueIdentifier>{bdf3aa12-80e1-4b43-9917-2fa901b359b7}</UniqueIdentifier>
    </Filter>
    <Filter Include="Header Files\lib\Vehicle">
      <UniqueIdentifier>{b62bd1c5-c803-40a9-88e0-824e6ee526af}</UniqueIdentifier>
    </Filter>
  </ItemGroup>
  <ItemGroup>
    <ClCompile Include="main.cpp">
      <Filter>Source Files</Filter>
    </ClCompile>
  </ItemGroup>
  <ItemGroup>
    <ClInclude Include="lib\Person\date.h">
      <Filter>Header Files\lib\Person</Filter>
    </ClInclude>
    <ClInclude Include="lib\Person\location.h">
      <Filter>Header Files\lib\Person</Filter>
    </ClInclude>
    <ClInclude Include="lib\Person\person.h">
      <Filter>Header Files\lib\Person</Filter>
    </ClInclude>
    <ClInclude Include="lib\Vehicle\car.h">
      <Filter>Header Files\lib\Vehicle</Filter>
    </ClInclude>
    <ClInclude Include="lib\Vehicle\truck.h">
      <Filter>Header Files\lib\Vehicle</Filter>
    </ClInclude>
    <ClInclude Include="lib\Vehicle\vehicle.h">
      <Filter>Header Files\lib\Vehicle</Filter>
    </ClInclude>
  </ItemGroup>
</Project>